
Microsoft Visual Studio Solution File, Format Version 12.00
# Visual Studio Version 17
VisualStudioVersion = 17.3.32825.248
MinimumVisualStudioVersion = 10.0.40219.1
Project("{FAE04EC0-301F-11D3-BF4B-00C04F79EFBC}") = "TestSokoban", "TestSokoban\TestSokoban.csproj", "{FF9CA191-2DF6-4548-9DA3-8932D36788AD}"
EndProject
Global
	GlobalSection(SolutionConfigurationPlatforms) = preSolution
		Debug|Any CPU = Debug|Any CPU
		Release|Any CPU = Release|Any CPU
	EndGlobalSection
	GlobalSection(ProjectConfigurationPlatforms) = postSolution
		{FF9CA191-2DF6-4548-9DA3-8932D36788AD}.Debug|Any CPU.ActiveCfg = Debug|Any CPU
		{FF9CA191-2DF6-4548-9DA3-8932D36788AD}.Debug|Any CPU.Build.0 = Debug|Any CPU
		{FF9CA191-2DF6-4548-9DA3-8932D36788AD}.Release|Any CPU.ActiveCfg = Release|Any CPU
		{FF9CA191-2DF6-4548-9DA3-8932D36788AD}.Release|Any CPU.Build.0 = Release|Any CPU
	EndGlobalSection
	GlobalSection(SolutionProperties) = preSolution
		HideSolutionNode = FALSE
	EndGlobalSection
	GlobalSection(ExtensibilityGlobals) = postSolution
		SolutionGuid = {FA17A8AF-50B3-4FE0-A5CF-DD364A87EFE8}
	EndGlobalSection
EndGlobal
